
Microsoft Visual Studio Solution File, Format Version 12.00
# Visual Studio Version 17
VisualStudioVersion = 17.3.32819.101
MinimumVisualStudioVersion = 10.0.40219.1
Project("{FAE04EC0-301F-11D3-BF4B-00C04F79EFBC}") = "Control_Work_Quiz_Tutova", "Control_Work_Quiz_Tutova.csproj", "{C1FD4183-B8D2-4DA3-892A-5406DB8ACC00}"
EndProject
Project("{FAE04EC0-301F-11D3-BF4B-00C04F79EFBC}") = "Control_Work_Utility_Tutova", "..\Control_Work_Utility_Tutova\Control_Work_Utility_Tutova.csproj", "{9F3B3CE4-F2CC-4FDC-B47B-7A48467D38B7}"
EndProject
Global
	GlobalSection(SolutionConfigurationPlatforms) = preSolution
		Debug|Any CPU = Debug|Any CPU
		Release|Any CPU = Release|Any CPU
	EndGlobalSection
	GlobalSection(ProjectConfigurationPlatforms) = postSolution
		{C1FD4183-B8D2-4DA3-892A-5406DB8ACC00}.Debug|Any CPU.ActiveCfg = Debug|Any CPU
		{C1FD4183-B8D2-4DA3-892A-5406DB8ACC00}.Debug|Any CPU.Build.0 = Debug|Any CPU
		{C1FD4183-B8D2-4DA3-892A-5406DB8ACC00}.Release|Any CPU.ActiveCfg = Release|Any CPU
		{C1FD4183-B8D2-4DA3-892A-5406DB8ACC00}.Release|Any CPU.Build.0 = Release|Any CPU
		{9F3B3CE4-F2CC-4FDC-B47B-7A48467D38B7}.Debug|Any CPU.ActiveCfg = Debug|Any CPU
		{9F3B3CE4-F2CC-4FDC-B47B-7A48467D38B7}.Debug|Any CPU.Build.0 = Debug|Any CPU
		{9F3B3CE4-F2CC-4FDC-B47B-7A48467D38B7}.Release|Any CPU.ActiveCfg = Release|Any CPU
		{9F3B3CE4-F2CC-4FDC-B47B-7A48467D38B7}.Release|Any CPU.Build.0 = Release|Any CPU
	EndGlobalSection
	GlobalSection(SolutionProperties) = preSolution
		HideSolutionNode = FALSE
	EndGlobalSection
	GlobalSection(ExtensibilityGlobals) = postSolution
		SolutionGuid = {71348A32-07BA-48EA-8242-946D51DB5D02}
	EndGlobalSection
EndGlobal
